
Microsoft Visual Studio Solution File, Format Version 12.00
# Visual Studio Version 17
VisualStudioVersion = 17.10.34916.146
MinimumVisualStudioVersion = 10.0.40219.1
Project("{FAE04EC0-301F-11D3-BF4B-00C04F79EFBC}") = "Application", "Application\Application.csproj", "{65065060-0B50-41B4-8EEC-D3A36FA2D78E}"
EndProject
Project("{FAE04EC0-301F-11D3-BF4B-00C04F79EFBC}") = "Core", "Core\Core.csproj", "{4107B882-DB3C-4F61-B6C9-B68C3C89D0DB}"
EndProject
Project("{FAE04EC0-301F-11D3-BF4B-00C04F79EFBC}") = "Infrastructure", "Infrastructure\Infrastructure.csproj", "{E08BD20D-F3F0-4CF4-BD06-82DA2E1CBFFD}"
EndProject
Project("{FAE04EC0-301F-11D3-BF4B-00C04F79EFBC}") = "WebUI", "WebUI\WebUI.csproj", "{5546CA1E-A727-45F3-8BBD-AB522434122E}"
EndProject
Global
	GlobalSection(SolutionConfigurationPlatforms) = preSolution
		Debug|Any CPU = Debug|Any CPU
		Release|Any CPU = Release|Any CPU
	EndGlobalSection
	GlobalSection(ProjectConfigurationPlatforms) = postSolution
		{65065060-0B50-41B4-8EEC-D3A36FA2D78E}.Debug|Any CPU.ActiveCfg = Debug|Any CPU
		{65065060-0B50-41B4-8EEC-D3A36FA2D78E}.Debug|Any CPU.Build.0 = Debug|Any CPU
		{65065060-0B50-41B4-8EEC-D3A36FA2D78E}.Release|Any CPU.ActiveCfg = Release|Any CPU
		{65065060-0B50-41B4-8EEC-D3A36FA2D78E}.Release|Any CPU.Build.0 = Release|Any CPU
		{4107B882-DB3C-4F61-B6C9-B68C3C89D0DB}.Debug|Any CPU.ActiveCfg = Debug|Any CPU
		{4107B882-DB3C-4F61-B6C9-B68C3C89D0DB}.Debug|Any CPU.Build.0 = Debug|Any CPU
		{4107B882-DB3C-4F61-B6C9-B68C3C89D0DB}.Release|Any CPU.ActiveCfg = Release|Any CPU
		{4107B882-DB3C-4F61-B6C9-B68C3C89D0DB}.Release|Any CPU.Build.0 = Release|Any CPU
		{E08BD20D-F3F0-4CF4-BD06-82DA2E1CBFFD}.Debug|Any CPU.ActiveCfg = Debug|Any CPU
		{E08BD20D-F3F0-4CF4-BD06-82DA2E1CBFFD}.Debug|Any CPU.Build.0 = Debug|Any CPU
		{E08BD20D-F3F0-4CF4-BD06-82DA2E1CBFFD}.Release|Any CPU.ActiveCfg = Release|Any CPU
		{E08BD20D-F3F0-4CF4-BD06-82DA2E1CBFFD}.Release|Any CPU.Build.0 = Release|Any CPU
		{5546CA1E-A727-45F3-8BBD-AB522434122E}.Debug|Any CPU.ActiveCfg = Debug|Any CPU
		{5546CA1E-A727-45F3-8BBD-AB522434122E}.Debug|Any CPU.Build.0 = Debug|Any CPU
		{5546CA1E-A727-45F3-8BBD-AB522434122E}.Release|Any CPU.ActiveCfg = Release|Any CPU
		{5546CA1E-A727-45F3-8BBD-AB522434122E}.Release|Any CPU.Build.0 = Release|Any CPU
	EndGlobalSection
	GlobalSection(SolutionProperties) = preSolution
		HideSolutionNode = FALSE
	EndGlobalSection
	GlobalSection(ExtensibilityGlobals) = postSolution
		SolutionGuid = {138A97BF-D475-4E40-BEB1-47284576DBE8}
	EndGlobalSection
EndGlobal
